// !$*UTF8*$!
{
	archiveVersion = 1;
	classes = {
	};
	objectVersion = 56;
	objects = {

/* Begin PBXBuildFile section */
		EAC6D6C22BD58181009A61CE /* LitLemonApp.swift in Sources */ = {isa = PBXBuildFile; fileRef = EAC6D6C12BD58181009A61CE /* LitLemonApp.swift */; };
		EAC6D6C62BD581B2009A61CE /* Assets.xcassets in Resources */ = {isa = PBXBuildFile; fileRef = EAC6D6C52BD581B2009A61CE /* Assets.xcassets */; };
		EAC6D6C92BD581B2009A61CE /* Preview Assets.xcassets in Resources */ = {isa = PBXBuildFile; fileRef = EAC6D6C82BD581B2009A61CE /* Preview Assets.xcassets */; };
		EAC6D6CB2BD581B2009A61CE /* Persistence.swift in Sources */ = {isa = PBXBuildFile; fileRef = EAC6D6CA2BD581B2009A61CE /* Persistence.swift */; };
		EAC6D6CE2BD581B2009A61CE /* LitLemon.xcdatamodeld in Sources */ = {isa = PBXBuildFile; fileRef = EAC6D6CC2BD581B2009A61CE /* LitLemon.xcdatamodeld */; };
		EAC6D6D52BD58BE2009A61CE /* Styles.swift in Sources */ = {isa = PBXBuildFile; fileRef = EAC6D6D42BD58BE2009A61CE /* Styles.swift */; };
		EAC6D6D72BD58C04009A61CE /* FetchedObjects.swift in Sources */ = {isa = PBXBuildFile; fileRef = EAC6D6D62BD58C04009A61CE /* FetchedObjects.swift */; };
		EAC6D6DC2BD58CC4009A61CE /* MenuItem.swift in Sources */ = {isa = PBXBuildFile; fileRef = EAC6D6DB2BD58CC4009A61CE /* MenuItem.swift */; };
		EAC6D6DE2BD58CE2009A61CE /* MenuList.swift in Sources */ = {isa = PBXBuildFile; fileRef = EAC6D6DD2BD58CE2009A61CE /* MenuList.swift */; };
		EAC6D6E22BD58D98009A61CE /* OnBoarding.swift in Sources */ = {isa = PBXBuildFile; fileRef = EAC6D6E12BD58D98009A61CE /* OnBoarding.swift */; };
		EAC6D6E52BD58DFF009A61CE /* Menu.swift in Sources */ = {isa = PBXBuildFile; fileRef = EAC6D6E42BD58DFF009A61CE /* Menu.swift */; };
		EAC6D6E82BD58ED4009A61CE /* Home.swift in Sources */ = {isa = PBXBuildFile; fileRef = EAC6D6E72BD58ED4009A61CE /* Home.swift */; };
		EAC6D6EB2BD58F0C009A61CE /* UserProfile.swift in Sources */ = {isa = PBXBuildFile; fileRef = EAC6D6EA2BD58F0C009A61CE /* UserProfile.swift */; };
		EAC6D6ED2BD58F3B009A61CE /* Hero.swift in Sources */ = {isa = PBXBuildFile; fileRef = EAC6D6EC2BD58F3B009A61CE /* Hero.swift */; };
		EAC6D6EF2BD58F57009A61CE /* Header.swift in Sources */ = {isa = PBXBuildFile; fileRef = EAC6D6EE2BD58F57009A61CE /* Header.swift */; };
		EAC6D6F12BD58F7A009A61CE /* FoodItem.swift in Sources */ = {isa = PBXBuildFile; fileRef = EAC6D6F02BD58F7A009A61CE /* FoodItem.swift */; };
		EAC6D6F32BD58F92009A61CE /* MainScreen.swift in Sources */ = {isa = PBXBuildFile; fileRef = EAC6D6F22BD58F92009A61CE /* MainScreen.swift */; };
		EAC6D6F52BD58FB7009A61CE /* DetailItem.swift in Sources */ = {isa = PBXBuildFile; fileRef = EAC6D6F42BD58FB7009A61CE /* DetailItem.swift */; };
		EAC6D6F72BD58FDF009A61CE /* ViewModel.swift in Sources */ = {isa = PBXBuildFile; fileRef = EAC6D6F62BD58FDF009A61CE /* ViewModel.swift */; };
/* End PBXBuildFile section */

/* Begin PBXFileReference section */
		EAC6D6BE2BD58181009A61CE /* LitLemon.app */ = {isa = PBXFileReference; explicitFileType = wrapper.application; includeInIndex = 0; path = LitLemon.app; sourceTree = BUILT_PRODUCTS_DIR; };
		EAC6D6C12BD58181009A61CE /* LitLemonApp.swift */ = {isa = PBXFileReference; lastKnownFileType = sourcecode.swift; path = LitLemonApp.swift; sourceTree = "<group>"; };
		EAC6D6C52BD581B2009A61CE /* Assets.xcassets */ = {isa = PBXFileReference; lastKnownFileType = folder.assetcatalog; path = Assets.xcassets; sourceTree = "<group>"; };
		EAC6D6C82BD581B2009A61CE /* Preview Assets.xcassets */ = {isa = PBXFileReference; lastKnownFileType = folder.assetcatalog; path = "Preview Assets.xcassets"; sourceTree = "<group>"; };
		EAC6D6CA2BD581B2009A61CE /* Persistence.swift */ = {isa = PBXFileReference; lastKnownFileType = sourcecode.swift; name = Persistence.swift; path = ../Persistence.swift; sourceTree = "<group>"; };
		EAC6D6CD2BD581B2009A61CE /* LitLemon.xcdatamodel */ = {isa = PBXFileReference; lastKnownFileType = wrapper.xcdatamodel; path = LitLemon.xcdatamodel; sourceTree = "<group>"; };
		EAC6D6D42BD58BE2009A61CE /* Styles.swift */ = {isa = PBXFileReference; lastKnownFileType = sourcecode.swift; path = Styles.swift; sourceTree = "<group>"; };
		EAC6D6D62BD58C04009A61CE /* FetchedObjects.swift */ = {isa = PBXFileReference; lastKnownFileType = sourcecode.swift; path = FetchedObjects.swift; sourceTree = "<group>"; };
		EAC6D6DB2BD58CC4009A61CE /* MenuItem.swift */ = {isa = PBXFileReference; lastKnownFileType = sourcecode.swift; path = MenuItem.swift; sourceTree = "<group>"; };
		EAC6D6DD2BD58CE2009A61CE /* MenuList.swift */ = {isa = PBXFileReference; lastKnownFileType = sourcecode.swift; path = MenuList.swift; sourceTree = "<group>"; };
		EAC6D6E12BD58D98009A61CE /* OnBoarding.swift */ = {isa = PBXFileReference; lastKnownFileType = sourcecode.swift; path = OnBoarding.swift; sourceTree = "<group>"; };
		EAC6D6E42BD58DFF009A61CE /* Menu.swift */ = {isa = PBXFileReference; lastKnownFileType = sourcecode.swift; path = Menu.swift; sourceTree = "<group>"; };
		EAC6D6E72BD58ED4009A61CE /* Home.swift */ = {isa = PBXFileReference; lastKnownFileType = sourcecode.swift; path = Home.swift; sourceTree = "<group>"; };
		EAC6D6EA2BD58F0C009A61CE /* UserProfile.swift */ = {isa = PBXFileReference; lastKnownFileType = sourcecode.swift; path = UserProfile.swift; sourceTree = "<group>"; };
		EAC6D6EC2BD58F3B009A61CE /* Hero.swift */ = {isa = PBXFileReference; lastKnownFileType = sourcecode.swift; path = Hero.swift; sourceTree = "<group>"; };
		EAC6D6EE2BD58F57009A61CE /* Header.swift */ = {isa = PBXFileReference; lastKnownFileType = sourcecode.swift; path = Header.swift; sourceTree = "<group>"; };
		EAC6D6F02BD58F7A009A61CE /* FoodItem.swift */ = {isa = PBXFileReference; lastKnownFileType = sourcecode.swift; path = FoodItem.swift; sourceTree = "<group>"; };
		EAC6D6F22BD58F92009A61CE /* MainScreen.swift */ = {isa = PBXFileReference; lastKnownFileType = sourcecode.swift; path = MainScreen.swift; sourceTree = "<group>"; };
		EAC6D6F42BD58FB7009A61CE /* DetailItem.swift */ = {isa = PBXFileReference; lastKnownFileType = sourcecode.swift; path = DetailItem.swift; sourceTree = "<group>"; };
		EAC6D6F62BD58FDF009A61CE /* ViewModel.swift */ = {isa = PBXFileReference; lastKnownFileType = sourcecode.swift; path = ViewModel.swift; sourceTree = "<group>"; };
/* End PBXFileReference section */

/* Begin PBXFrameworksBuildPhase section */
		EAC6D6BB2BD58181009A61CE /* Frameworks */ = {
			isa = PBXFrameworksBuildPhase;
			buildActionMask = 2147483647;
			files = (
			);
			runOnlyForDeploymentPostprocessing = 0;
		};
/* End PBXFrameworksBuildPhase section */

/* Begin PBXGroup section */
		EAC6D6B52BD58181009A61CE = {
			isa = PBXGroup;
			children = (
				EAC6D6D42BD58BE2009A61CE /* Styles.swift */,
				EAC6D6C02BD58181009A61CE /* LitLemon */,
				EAC6D6BF2BD58181009A61CE /* Products */,
			);
			sourceTree = "<group>";
		};
		EAC6D6BF2BD58181009A61CE /* Products */ = {
			isa = PBXGroup;
			children = (
				EAC6D6BE2BD58181009A61CE /* LitLemon.app */,
			);
			name = Products;
			sourceTree = "<group>";
		};
		EAC6D6C02BD58181009A61CE /* LitLemon */ = {
			isa = PBXGroup;
			children = (
				EAC6D6C12BD58181009A61CE /* LitLemonApp.swift */,
				EAC6D6E02BD58D44009A61CE /* Model */,
				EAC6D6E32BD58DE3009A61CE /* View */,
				EAC6D6F82BD59008009A61CE /* ViewModel */,
				EAC6D6C52BD581B2009A61CE /* Assets.xcassets */,
				EAC6D6DA2BD58C63009A61CE /* Core Data */,
				EAC6D6C72BD581B2009A61CE /* Preview Content */,
			);
			path = LitLemon;
			sourceTree = "<group>";
		};
		EAC6D6C72BD581B2009A61CE /* Preview Content */ = {
			isa = PBXGroup;
			children = (
				EAC6D6C82BD581B2009A61CE /* Preview Assets.xcassets */,
			);
			path = "Preview Content";
			sourceTree = "<group>";
		};
		EAC6D6DA2BD58C63009A61CE /* Core Data */ = {
			isa = PBXGroup;
			children = (
				EAC6D6CA2BD581B2009A61CE /* Persistence.swift */,
				EAC6D6D62BD58C04009A61CE /* FetchedObjects.swift */,
				EAC6D6CC2BD581B2009A61CE /* LitLemon.xcdatamodeld */,
			);
			path = "Core Data";
			sourceTree = "<group>";
		};
		EAC6D6E02BD58D44009A61CE /* Model */ = {
			isa = PBXGroup;
			children = (
				EAC6D6DB2BD58CC4009A61CE /* MenuItem.swift */,
				EAC6D6DD2BD58CE2009A61CE /* MenuList.swift */,
			);
			path = Model;
			sourceTree = "<group>";
		};
		EAC6D6E32BD58DE3009A61CE /* View */ = {
			isa = PBXGroup;
			children = (
				EAC6D6E12BD58D98009A61CE /* OnBoarding.swift */,
				EAC6D6E42BD58DFF009A61CE /* Menu.swift */,
				EAC6D6E72BD58ED4009A61CE /* Home.swift */,
				EAC6D6EA2BD58F0C009A61CE /* UserProfile.swift */,
				EAC6D6EC2BD58F3B009A61CE /* Hero.swift */,
				EAC6D6F42BD58FB7009A61CE /* DetailItem.swift */,
				EAC6D6EE2BD58F57009A61CE /* Header.swift */,
				EAC6D6F02BD58F7A009A61CE /* FoodItem.swift */,
				EAC6D6F22BD58F92009A61CE /* MainScreen.swift */,
			);
			path = View;
			sourceTree = "<group>";
		};
		EAC6D6F82BD59008009A61CE /* ViewModel */ = {
			isa = PBXGroup;
			children = (
				EAC6D6F62BD58FDF009A61CE /* ViewModel.swift */,
			);
			path = ViewModel;
			sourceTree = "<group>";
		};
/* End PBXGroup section */

/* Begin PBXNativeTarget section */
		EAC6D6BD2BD58181009A61CE /* LitLemon */ = {
			isa = PBXNativeTarget;
			buildConfigurationList = EAC6D6D12BD581B2009A61CE /* Build configuration list for PBXNativeTarget "LitLemon" */;
			buildPhases = (
				EAC6D6BA2BD58181009A61CE /* Sources */,
				EAC6D6BB2BD58181009A61CE /* Frameworks */,
				EAC6D6BC2BD58181009A61CE /* Resources */,
			);
			buildRules = (
			);
			dependencies = (
			);
			name = LitLemon;
			productName = LitLemon;
			productReference = EAC6D6BE2BD58181009A61CE /* LitLemon.app */;
			productType = "com.apple.product-type.application";
		};
/* End PBXNativeTarget section */

/* Begin PBXProject section */
		EAC6D6B62BD58181009A61CE /* Project object */ = {
			isa = PBXProject;
			attributes = {
				BuildIndependentTargetsInParallel = 1;
				LastSwiftUpdateCheck = 1530;
				LastUpgradeCheck = 1530;
				TargetAttributes = {
					EAC6D6BD2BD58181009A61CE = {
						CreatedOnToolsVersion = 15.3;
					};
				};
			};
			buildConfigurationList = EAC6D6B92BD58181009A61CE /* Build configuration list for PBXProject "LitLemon" */;
			compatibilityVersion = "Xcode 14.0";
			developmentRegion = en;
			hasScannedForEncodings = 0;
			knownRegions = (
				en,
				Base,
			);
			mainGroup = EAC6D6B52BD58181009A61CE;
			productRefGroup = EAC6D6BF2BD58181009A61CE /* Products */;
			projectDirPath = "";
			projectRoot = "";
			targets = (
				EAC6D6BD2BD58181009A61CE /* LitLemon */,
			);
		};
/* End PBXProject section */

/* Begin PBXResourcesBuildPhase section */
		EAC6D6BC2BD58181009A61CE /* Resources */ = {
			isa = PBXResourcesBuildPhase;
			buildActionMask = 2147483647;
			files = (
				EAC6D6C92BD581B2009A61CE /* Preview Assets.xcassets in Resources */,
				EAC6D6C62BD581B2009A61CE /* Assets.xcassets in Resources */,
			);
			runOnlyForDeploymentPostprocessing = 0;
		};
/* End PBXResourcesBuildPhase section */

/* Begin PBXSourcesBuildPhase section */
		EAC6D6BA2BD58181009A61CE /* Sources */ = {
			isa = PBXSourcesBuildPhase;
			buildActionMask = 2147483647;
			files = (
				EAC6D6F12BD58F7A009A61CE /* FoodItem.swift in Sources */,
				EAC6D6DC2BD58CC4009A61CE /* MenuItem.swift in Sources */,
				EAC6D6EF2BD58F57009A61CE /* Header.swift in Sources */,
				EAC6D6CB2BD581B2009A61CE /* Persistence.swift in Sources */,
				EAC6D6E82BD58ED4009A61CE /* Home.swift in Sources */,
				EAC6D6DE2BD58CE2009A61CE /* MenuList.swift in Sources */,
				EAC6D6F72BD58FDF009A61CE /* ViewModel.swift in Sources */,
				EAC6D6CE2BD581B2009A61CE /* LitLemon.xcdatamodeld in Sources */,
				EAC6D6EB2BD58F0C009A61CE /* UserProfile.swift in Sources */,
				EAC6D6C22BD58181009A61CE /* LitLemonApp.swift in Sources */,
				EAC6D6D72BD58C04009A61CE /* FetchedObjects.swift in Sources */,
				EAC6D6E52BD58DFF009A61CE /* Menu.swift in Sources */,
				EAC6D6E22BD58D98009A61CE /* OnBoarding.swift in Sources */,
				EAC6D6F32BD58F92009A61CE /* MainScreen.swift in Sources */,
				EAC6D6F52BD58FB7009A61CE /* DetailItem.swift in Sources */,
				EAC6D6D52BD58BE2009A61CE /* Styles.swift in Sources */,
				EAC6D6ED2BD58F3B009A61CE /* Hero.swift in Sources */,
			);
			runOnlyForDeploymentPostprocessing = 0;
		};
/* End PBXSourcesBuildPhase section */

/* Begin XCBuildConfiguration section */
		EAC6D6CF2BD581B2009A61CE /* Debug */ = {
			isa = XCBuildConfiguration;
			buildSettings = {
				ALWAYS_SEARCH_USER_PATHS = NO;
				ASSETCATALOG_COMPILER_GENERATE_SWIFT_ASSET_SYMBOL_EXTENSIONS = YES;
				CLANG_ANALYZER_NONNULL = YES;
				CLANG_ANALYZER_NUMBER_OBJECT_CONVERSION = YES_AGGRESSIVE;
				CLANG_CXX_LANGUAGE_STANDARD = "gnu++20";
				CLANG_ENABLE_MODULES = YES;
				CLANG_ENABLE_OBJC_ARC = YES;
				CLANG_ENABLE_OBJC_WEAK = YES;
				CLANG_WARN_BLOCK_CAPTURE_AUTORELEASING = YES;
				CLANG_WARN_BOOL_CONVERSION = YES;
				CLANG_WARN_COMMA = YES;
				CLANG_WARN_CONSTANT_CONVERSION = YES;
				CLANG_WARN_DEPRECATED_OBJC_IMPLEMENTATIONS = YES;
				CLANG_WARN_DIRECT_OBJC_ISA_USAGE = YES_ERROR;
				CLANG_WARN_DOCUMENTATION_COMMENTS = YES;
				CLANG_WARN_EMPTY_BODY = YES;
				CLANG_WARN_ENUM_CONVERSION = YES;
				CLANG_WARN_INFINITE_RECURSION = YES;
				CLANG_WARN_INT_CONVERSION = YES;
				CLANG_WARN_NON_LITERAL_NULL_CONVERSION = YES;
				CLANG_WARN_OBJC_IMPLICIT_RETAIN_SELF = YES;
				CLANG_WARN_OBJC_LITERAL_CONVERSION = YES;
				CLANG_WARN_OBJC_ROOT_CLASS = YES_ERROR;
				CLANG_WARN_QUOTED_INCLUDE_IN_FRAMEWORK_HEADER = YES;
				CLANG_WARN_RANGE_LOOP_ANALYSIS = YES;
				CLANG_WARN_STRICT_PROTOTYPES = YES;
				CLANG_WARN_SUSPICIOUS_MOVE = YES;
				CLANG_WARN_UNGUARDED_AVAILABILITY = YES_AGGRESSIVE;
				CLANG_WARN_UNREACHABLE_CODE = YES;
				CLANG_WARN__DUPLICATE_METHOD_MATCH = YES;
				COPY_PHASE_STRIP = NO;
				DEBUG_INFORMATION_FORMAT = dwarf;
				ENABLE_STRICT_OBJC_MSGSEND = YES;
				ENABLE_TESTABILITY = YES;
				ENABLE_USER_SCRIPT_SANDBOXING = YES;
				GCC_C_LANGUAGE_STANDARD = gnu17;
				GCC_DYNAMIC_NO_PIC = NO;
				GCC_NO_COMMON_BLOCKS = YES;
				GCC_OPTIMIZATION_LEVEL = 0;
				GCC_PREPROCESSOR_DEFINITIONS = (
					"DEBUG=1",
					"$(inherited)",
				);
				GCC_WARN_64_TO_32_BIT_CONVERSION = YES;
				GCC_WARN_ABOUT_RETURN_TYPE = YES_ERROR;
				GCC_WARN_UNDECLARED_SELECTOR = YES;
				GCC_WARN_UNINITIALIZED_AUTOS = YES_AGGRESSIVE;
				GCC_WARN_UNUSED_FUNCTION = YES;
				GCC_WARN_UNUSED_VARIABLE = YES;
				IPHONEOS_DEPLOYMENT_TARGET = 17.4;
				LOCALIZATION_PREFERS_STRING_CATALOGS = YES;
				MTL_ENABLE_DEBUG_INFO = INCLUDE_SOURCE;
				MTL_FAST_MATH = YES;
				ONLY_ACTIVE_ARCH = YES;
				SDKROOT = iphoneos;
				SWIFT_ACTIVE_COMPILATION_CONDITIONS = "DEBUG $(inherited)";
				SWIFT_OPTIMIZATION_LEVEL = "-Onone";
			};
			name = Debug;
		};
		EAC6D6D02BD581B2009A61CE /* Release */ = {
			isa = XCBuildConfiguration;
			buildSettings = {
				ALWAYS_SEARCH_USER_PATHS = NO;
				ASSETCATALOG_COMPILER_GENERATE_SWIFT_ASSET_SYMBOL_EXTENSIONS = YES;
				CLANG_ANALYZER_NONNULL = YES;
				CLANG_ANALYZER_NUMBER_OBJECT_CONVERSION = YES_AGGRESSIVE;
				CLANG_CXX_LANGUAGE_STANDARD = "gnu++20";
				CLANG_ENABLE_MODULES = YES;
				CLANG_ENABLE_OBJC_ARC = YES;
				CLANG_ENABLE_OBJC_WEAK = YES;
				CLANG_WARN_BLOCK_CAPTURE_AUTORELEASING = YES;
				CLANG_WARN_BOOL_CONVERSION = YES;
				CLANG_WARN_COMMA = YES;
				CLANG_WARN_CONSTANT_CONVERSION = YES;
				CLANG_WARN_DEPRECATED_OBJC_IMPLEMENTATIONS = YES;
				CLANG_WARN_DIRECT_OBJC_ISA_USAGE = YES_ERROR;
				CLANG_WARN_DOCUMENTATION_COMMENTS = YES;
				CLANG_WARN_EMPTY_BODY = YES;
				CLANG_WARN_ENUM_CONVERSION = YES;
				CLANG_WARN_INFINITE_RECURSION = YES;
				CLANG_WARN_INT_CONVERSION = YES;
				CLANG_WARN_NON_LITERAL_NULL_CONVERSION = YES;
				CLANG_WARN_OBJC_IMPLICIT_RETAIN_SELF = YES;
				CLANG_WARN_OBJC_LITERAL_CONVERSION = YES;
				CLANG_WARN_OBJC_ROOT_CLASS = YES_ERROR;
				CLANG_WARN_QUOTED_INCLUDE_IN_FRAMEWORK_HEADER = YES;
				CLANG_WARN_RANGE_LOOP_ANALYSIS = YES;
				CLANG_WARN_STRICT_PROTOTYPES = YES;
				CLANG_WARN_SUSPICIOUS_MOVE = YES;
				CLANG_WARN_UNGUARDED_AVAILABILITY = YES_AGGRESSIVE;
				CLANG_WARN_UNREACHABLE_CODE = YES;
				CLANG_WARN__DUPLICATE_METHOD_MATCH = YES;
				COPY_PHASE_STRIP = NO;
				DEBUG_INFORMATION_FORMAT = "dwarf-with-dsym";
				ENABLE_NS_ASSERTIONS = NO;
				ENABLE_STRICT_OBJC_MSGSEND = YES;
				ENABLE_USER_SCRIPT_SANDBOXING = YES;
				GCC_C_LANGUAGE_STANDARD = gnu17;
				GCC_NO_COMMON_BLOCKS = YES;
				GCC_WARN_64_TO_32_BIT_CONVERSION = YES;
				GCC_WARN_ABOUT_RETURN_TYPE = YES_ERROR;
				GCC_WARN_UNDECLARED_SELECTOR = YES;
				GCC_WARN_UNINITIALIZED_AUTOS = YES_AGGRESSIVE;
				GCC_WARN_UNUSED_FUNCTION = YES;
				GCC_WARN_UNUSED_VARIABLE = YES;
				IPHONEOS_DEPLOYMENT_TARGET = 17.4;
				LOCALIZATION_PREFERS_STRING_CATALOGS = YES;
				MTL_ENABLE_DEBUG_INFO = NO;
				MTL_FAST_MATH = YES;
				SDKROOT = iphoneos;
				SWIFT_COMPILATION_MODE = wholemodule;
				VALIDATE_PRODUCT = YES;
			};
			name = Release;
		};
		EAC6D6D22BD581B2009A61CE /* Debug */ = {
			isa = XCBuildConfiguration;
			buildSettings = {
				ASSETCATALOG_COMPILER_APPICON_NAME = AppIcon;
				ASSETCATALOG_COMPILER_GLOBAL_ACCENT_COLOR_NAME = AccentColor;
				CODE_SIGN_STYLE = Automatic;
				CURRENT_PROJECT_VERSION = 1;
				DEVELOPMENT_ASSET_PATHS = "\"LitLemon/Preview Content\"";
				DEVELOPMENT_TEAM = RWP28CYWVZ;
				ENABLE_PREVIEWS = YES;
				GENERATE_INFOPLIST_FILE = YES;
				INFOPLIST_KEY_UIApplicationSceneManifest_Generation = YES;
				INFOPLIST_KEY_UIApplicationSupportsIndirectInputEvents = YES;
				INFOPLIST_KEY_UILaunchScreen_Generation = YES;
				INFOPLIST_KEY_UISupportedInterfaceOrientations_iPad = "UIInterfaceOrientationPortrait UIInterfaceOrientationPortraitUpsideDown UIInterfaceOrientationLandscapeLeft UIInterfaceOrientationLandscapeRight";
				INFOPLIST_KEY_UISupportedInterfaceOrientations_iPhone = "UIInterfaceOrientationPortrait UIInterfaceOrientationLandscapeLeft UIInterfaceOrientationLandscapeRight";
				LD_RUNPATH_SEARCH_PATHS = (
					"$(inherited)",
					"@executable_path/Frameworks",
				);
				MARKETING_VERSION = 1.0;
				PRODUCT_BUNDLE_IDENTIFIER = aswitch.me.LitLemon;
				PRODUCT_NAME = "$(TARGET_NAME)";
				SWIFT_EMIT_LOC_STRINGS = YES;
				SWIFT_VERSION = 5.0;
				TARGETED_DEVICE_FAMILY = "1,2";
			};
			name = Debug;
		};
		EAC6D6D32BD581B2009A61CE /* Release */ = {
			isa = XCBuildConfiguration;
			buildSettings = {
				ASSETCATALOG_COMPILER_APPICON_NAME = AppIcon;
				ASSETCATALOG_COMPILER_GLOBAL_ACCENT_COLOR_NAME = AccentColor;
				CODE_SIGN_STYLE = Automatic;
				CURRENT_PROJECT_VERSION = 1;
				DEVELOPMENT_ASSET_PATHS = "\"LitLemon/Preview Content\"";
				DEVELOPMENT_TEAM = RWP28CYWVZ;
				ENABLE_PREVIEWS = YES;
				GENERATE_INFOPLIST_FILE = YES;
				INFOPLIST_KEY_UIApplicationSceneManifest_Generation = YES;
				INFOPLIST_KEY_UIApplicationSupportsIndirectInputEvents = YES;
				INFOPLIST_KEY_UILaunchScreen_Generation = YES;
				INFOPLIST_KEY_UISupportedInterfaceOrientations_iPad = "UIInterfaceOrientationPortrait UIInterfaceOrientationPortraitUpsideDown UIInterfaceOrientationLandscapeLeft UIInterfaceOrientationLandscapeRight";
				INFOPLIST_KEY_UISupportedInterfaceOrientations_iPhone = "UIInterfaceOrientationPortrait UIInterfaceOrientationLandscapeLeft UIInterfaceOrientationLandscapeRight";
				LD_RUNPATH_SEARCH_PATHS = (
					"$(inherited)",
					"@executable_path/Frameworks",
				);
				MARKETING_VERSION = 1.0;
				PRODUCT_BUNDLE_IDENTIFIER = aswitch.me.LitLemon;
				PRODUCT_NAME = "$(TARGET_NAME)";
				SWIFT_EMIT_LOC_STRINGS = YES;
				SWIFT_VERSION = 5.0;
				TARGETED_DEVICE_FAMILY = "1,2";
			};
			name = Release;
		};
/* End XCBuildConfiguration section */

/* Begin XCConfigurationList section */
		EAC6D6B92BD58181009A61CE /* Build configuration list for PBXProject "LitLemon" */ = {
			isa = XCConfigurationList;
			buildConfigurations = (
				EAC6D6CF2BD581B2009A61CE /* Debug */,
				EAC6D6D02BD581B2009A61CE /* Release */,
			);
			defaultConfigurationIsVisible = 0;
			defaultConfigurationName = Release;
		};
		EAC6D6D12BD581B2009A61CE /* Build configuration list for PBXNativeTarget "LitLemon" */ = {
			isa = XCConfigurationList;
			buildConfigurations = (
				EAC6D6D22BD581B2009A61CE /* Debug */,
				EAC6D6D32BD581B2009A61CE /* Release */,
			);
			defaultConfigurationIsVisible = 0;
			defaultConfigurationName = Release;
		};
/* End XCConfigurationList section */

/* Begin XCVersionGroup section */
		EAC6D6CC2BD581B2009A61CE /* LitLemon.xcdatamodeld */ = {
			isa = XCVersionGroup;
			children = (
				EAC6D6CD2BD581B2009A61CE /* LitLemon.xcdatamodel */,
			);
			currentVersion = EAC6D6CD2BD581B2009A61CE /* LitLemon.xcdatamodel */;
			path = LitLemon.xcdatamodeld;
			sourceTree = "<group>";
			versionGroupType = wrapper.xcdatamodel;
		};
/* End XCVersionGroup section */
	};
	rootObject = EAC6D6B62BD58181009A61CE /* Project object */;
}
